
Microsoft Visual Studio Solution File, Format Version 12.00
Project("{FAE04EC0-301F-11D3-BF4B-00C04F79EFBC}") = "Sefer.Backend.SharedConfig.Lib", "Sefer.Backend.SharedConfig.Lib\Sefer.Backend.SharedConfig.Lib.csproj", "{73FCBBD1-FF56-4930-81BB-F117B91B3D6C}"
EndProject
Global
	GlobalSection(SolutionConfigurationPlatforms) = preSolution
		Debug|Any CPU = Debug|Any CPU
		Release|Any CPU = Release|Any CPU
	EndGlobalSection
	GlobalSection(ProjectConfigurationPlatforms) = postSolution
		{73FCBBD1-FF56-4930-81BB-F117B91B3D6C}.Debug|Any CPU.ActiveCfg = Debug|Any CPU
		{73FCBBD1-FF56-4930-81BB-F117B91B3D6C}.Debug|Any CPU.Build.0 = Debug|Any CPU
		{73FCBBD1-FF56-4930-81BB-F117B91B3D6C}.Release|Any CPU.ActiveCfg = Release|Any CPU
		{73FCBBD1-FF56-4930-81BB-F117B91B3D6C}.Release|Any CPU.Build.0 = Release|Any CPU
	EndGlobalSection
EndGlobal
